
Microsoft Visual Studio Solution File, Format Version 12.00
# Visual Studio Version 17
VisualStudioVersion = 17.5.33530.505
MinimumVisualStudioVersion = 10.0.40219.1
Project("{FAE04EC0-301F-11D3-BF4B-00C04F79EFBC}") = "Baleva_bd_WPF", "Baleva_bd_WPF.csproj", "{5DDFAB44-FEEB-430F-AE63-8F45B83B477C}"
EndProject
Global
	GlobalSection(SolutionConfigurationPlatforms) = preSolution
		Debug|Any CPU = Debug|Any CPU
		Release|Any CPU = Release|Any CPU
	EndGlobalSection
	GlobalSection(ProjectConfigurationPlatforms) = postSolution
		{5DDFAB44-FEEB-430F-AE63-8F45B83B477C}.Debug|Any CPU.ActiveCfg = Debug|Any CPU
		{5DDFAB44-FEEB-430F-AE63-8F45B83B477C}.Debug|Any CPU.Build.0 = Debug|Any CPU
		{5DDFAB44-FEEB-430F-AE63-8F45B83B477C}.Release|Any CPU.ActiveCfg = Release|Any CPU
		{5DDFAB44-FEEB-430F-AE63-8F45B83B477C}.Release|Any CPU.Build.0 = Release|Any CPU
	EndGlobalSection
	GlobalSection(SolutionProperties) = preSolution
		HideSolutionNode = FALSE
	EndGlobalSection
	GlobalSection(ExtensibilityGlobals) = postSolution
		SolutionGuid = {C726DCA2-3FF2-4E3C-BB44-25FA3383DEEA}
	EndGlobalSection
EndGlobal
